// !$*UTF8*$!
{
	archiveVersion = 1;
	classes = {
	};
	objectVersion = 56;
	objects = {

/* Begin PBXBuildFile section */
		906302602A1AA151008BAED7 /* _8_BaseDatosApp.swift in Sources */ = {isa = PBXBuildFile; fileRef = 9063025F2A1AA151008BAED7 /* _8_BaseDatosApp.swift */; };
		906302622A1AA151008BAED7 /* ContentView.swift in Sources */ = {isa = PBXBuildFile; fileRef = 906302612A1AA151008BAED7 /* ContentView.swift */; };
		906302642A1AA156008BAED7 /* Assets.xcassets in Resources */ = {isa = PBXBuildFile; fileRef = 906302632A1AA156008BAED7 /* Assets.xcassets */; };
		906302682A1AA156008BAED7 /* Preview Assets.xcassets in Resources */ = {isa = PBXBuildFile; fileRef = 906302672A1AA156008BAED7 /* Preview Assets.xcassets */; };
		906302702A1AA178008BAED7 /* Games.xcdatamodeld in Sources */ = {isa = PBXBuildFile; fileRef = 9063026E2A1AA178008BAED7 /* Games.xcdatamodeld */; };
		906302722A1AA210008BAED7 /* PersistenceController.swift in Sources */ = {isa = PBXBuildFile; fileRef = 906302712A1AA210008BAED7 /* PersistenceController.swift */; };
		906302762A1AB4E2008BAED7 /* BusquedaView.swift in Sources */ = {isa = PBXBuildFile; fileRef = 906302752A1AB4E2008BAED7 /* BusquedaView.swift */; };
		906302982A1ABF04008BAED7 /* RowView.swift in Sources */ = {isa = PBXBuildFile; fileRef = 906302972A1ABF04008BAED7 /* RowView.swift */; };
		9063029A2A1AC012008BAED7 /* EditarView.swift in Sources */ = {isa = PBXBuildFile; fileRef = 906302992A1AC012008BAED7 /* EditarView.swift */; };
		906302A22A1AC96E008BAED7 /* GameModel.swift in Sources */ = {isa = PBXBuildFile; fileRef = 906302A12A1AC96E008BAED7 /* GameModel.swift */; };
/* End PBXBuildFile section */

/* Begin PBXFileReference section */
		9063025C2A1AA151008BAED7 /* 08 BaseDatos.app */ = {isa = PBXFileReference; explicitFileType = wrapper.application; includeInIndex = 0; path = "08 BaseDatos.app"; sourceTree = BUILT_PRODUCTS_DIR; };
		9063025F2A1AA151008BAED7 /* _8_BaseDatosApp.swift */ = {isa = PBXFileReference; lastKnownFileType = sourcecode.swift; path = _8_BaseDatosApp.swift; sourceTree = "<group>"; };
		906302612A1AA151008BAED7 /* ContentView.swift */ = {isa = PBXFileReference; lastKnownFileType = sourcecode.swift; path = ContentView.swift; sourceTree = "<group>"; };
		906302632A1AA156008BAED7 /* Assets.xcassets */ = {isa = PBXFileReference; lastKnownFileType = folder.assetcatalog; path = Assets.xcassets; sourceTree = "<group>"; };
		906302652A1AA156008BAED7 /* _8_BaseDatos.entitlements */ = {isa = PBXFileReference; lastKnownFileType = text.plist.entitlements; path = _8_BaseDatos.entitlements; sourceTree = "<group>"; };
		906302672A1AA156008BAED7 /* Preview Assets.xcassets */ = {isa = PBXFileReference; lastKnownFileType = folder.assetcatalog; path = "Preview Assets.xcassets"; sourceTree = "<group>"; };
		9063026F2A1AA178008BAED7 /* Games.xcdatamodel */ = {isa = PBXFileReference; lastKnownFileType = wrapper.xcdatamodel; path = Games.xcdatamodel; sourceTree = "<group>"; };
		906302712A1AA210008BAED7 /* PersistenceController.swift */ = {isa = PBXFileReference; lastKnownFileType = sourcecode.swift; path = PersistenceController.swift; sourceTree = "<group>"; };
		906302752A1AB4E2008BAED7 /* BusquedaView.swift */ = {isa = PBXFileReference; lastKnownFileType = sourcecode.swift; path = BusquedaView.swift; sourceTree = "<group>"; };
		906302972A1ABF04008BAED7 /* RowView.swift */ = {isa = PBXFileReference; lastKnownFileType = sourcecode.swift; path = RowView.swift; sourceTree = "<group>"; };
		906302992A1AC012008BAED7 /* EditarView.swift */ = {isa = PBXFileReference; lastKnownFileType = sourcecode.swift; path = EditarView.swift; sourceTree = "<group>"; };
		906302A12A1AC96E008BAED7 /* GameModel.swift */ = {isa = PBXFileReference; lastKnownFileType = sourcecode.swift; path = GameModel.swift; sourceTree = "<group>"; };
/* End PBXFileReference section */

/* Begin PBXFrameworksBuildPhase section */
		906302592A1AA151008BAED7 /* Frameworks */ = {
			isa = PBXFrameworksBuildPhase;
			buildActionMask = 2147483647;
			files = (
			);
			runOnlyForDeploymentPostprocessing = 0;
		};
/* End PBXFrameworksBuildPhase section */

/* Begin PBXGroup section */
		906302532A1AA151008BAED7 = {
			isa = PBXGroup;
			children = (
				9063025E2A1AA151008BAED7 /* 08 BaseDatos */,
				9063025D2A1AA151008BAED7 /* Products */,
			);
			sourceTree = "<group>";
		};
		9063025D2A1AA151008BAED7 /* Products */ = {
			isa = PBXGroup;
			children = (
				9063025C2A1AA151008BAED7 /* 08 BaseDatos.app */,
			);
			name = Products;
			sourceTree = "<group>";
		};
		9063025E2A1AA151008BAED7 /* 08 BaseDatos */ = {
			isa = PBXGroup;
			children = (
				906302A02A1AC956008BAED7 /* Models */,
				9063029B2A1AC0A6008BAED7 /* Views */,
				9063025F2A1AA151008BAED7 /* _8_BaseDatosApp.swift */,
				906302612A1AA151008BAED7 /* ContentView.swift */,
				9063026E2A1AA178008BAED7 /* Games.xcdatamodeld */,
				906302712A1AA210008BAED7 /* PersistenceController.swift */,
				906302632A1AA156008BAED7 /* Assets.xcassets */,
				906302652A1AA156008BAED7 /* _8_BaseDatos.entitlements */,
				906302662A1AA156008BAED7 /* Preview Content */,
			);
			path = "08 BaseDatos";
			sourceTree = "<group>";
		};
		906302662A1AA156008BAED7 /* Preview Content */ = {
			isa = PBXGroup;
			children = (
				906302672A1AA156008BAED7 /* Preview Assets.xcassets */,
			);
			path = "Preview Content";
			sourceTree = "<group>";
		};
		9063029B2A1AC0A6008BAED7 /* Views */ = {
			isa = PBXGroup;
			children = (
				906302752A1AB4E2008BAED7 /* BusquedaView.swift */,
				906302972A1ABF04008BAED7 /* RowView.swift */,
				906302992A1AC012008BAED7 /* EditarView.swift */,
			);
			path = Views;
			sourceTree = "<group>";
		};
		906302A02A1AC956008BAED7 /* Models */ = {
			isa = PBXGroup;
			children = (
				906302A12A1AC96E008BAED7 /* GameModel.swift */,
			);
			path = Models;
			sourceTree = "<group>";
		};
/* End PBXGroup section */

/* Begin PBXNativeTarget section */
		9063025B2A1AA151008BAED7 /* 08 BaseDatos */ = {
			isa = PBXNativeTarget;
			buildConfigurationList = 9063026B2A1AA156008BAED7 /* Build configuration list for PBXNativeTarget "08 BaseDatos" */;
			buildPhases = (
				906302582A1AA151008BAED7 /* Sources */,
				906302592A1AA151008BAED7 /* Frameworks */,
				9063025A2A1AA151008BAED7 /* Resources */,
			);
			buildRules = (
			);
			dependencies = (
			);
			name = "08 BaseDatos";
			productName = "08 BaseDatos";
			productReference = 9063025C2A1AA151008BAED7 /* 08 BaseDatos.app */;
			productType = "com.apple.product-type.application";
		};
/* End PBXNativeTarget section */

/* Begin PBXProject section */
		906302542A1AA151008BAED7 /* Project object */ = {
			isa = PBXProject;
			attributes = {
				BuildIndependentTargetsInParallel = 1;
				LastSwiftUpdateCheck = 1420;
				LastUpgradeCheck = 1420;
				TargetAttributes = {
					9063025B2A1AA151008BAED7 = {
						CreatedOnToolsVersion = 14.2;
					};
				};
			};
			buildConfigurationList = 906302572A1AA151008BAED7 /* Build configuration list for PBXProject "08 BaseDatos" */;
			compatibilityVersion = "Xcode 14.0";
			developmentRegion = en;
			hasScannedForEncodings = 0;
			knownRegions = (
				en,
				Base,
			);
			mainGroup = 906302532A1AA151008BAED7;
			productRefGroup = 9063025D2A1AA151008BAED7 /* Products */;
			projectDirPath = "";
			projectRoot = "";
			targets = (
				9063025B2A1AA151008BAED7 /* 08 BaseDatos */,
			);
		};
/* End PBXProject section */

/* Begin PBXResourcesBuildPhase section */
		9063025A2A1AA151008BAED7 /* Resources */ = {
			isa = PBXResourcesBuildPhase;
			buildActionMask = 2147483647;
			files = (
				906302682A1AA156008BAED7 /* Preview Assets.xcassets in Resources */,
				906302642A1AA156008BAED7 /* Assets.xcassets in Resources */,
			);
			runOnlyForDeploymentPostprocessing = 0;
		};
/* End PBXResourcesBuildPhase section */

/* Begin PBXSourcesBuildPhase section */
		906302582A1AA151008BAED7 /* Sources */ = {
			isa = PBXSourcesBuildPhase;
			buildActionMask = 2147483647;
			files = (
				906302622A1AA151008BAED7 /* ContentView.swift in Sources */,
				906302982A1ABF04008BAED7 /* RowView.swift in Sources */,
				906302702A1AA178008BAED7 /* Games.xcdatamodeld in Sources */,
				906302602A1AA151008BAED7 /* _8_BaseDatosApp.swift in Sources */,
				9063029A2A1AC012008BAED7 /* EditarView.swift in Sources */,
				906302A22A1AC96E008BAED7 /* GameModel.swift in Sources */,
				906302722A1AA210008BAED7 /* PersistenceController.swift in Sources */,
				906302762A1AB4E2008BAED7 /* BusquedaView.swift in Sources */,
			);
			runOnlyForDeploymentPostprocessing = 0;
		};
/* End PBXSourcesBuildPhase section */

/* Begin XCBuildConfiguration section */
		906302692A1AA156008BAED7 /* Debug */ = {
			isa = XCBuildConfiguration;
			buildSettings = {
				ALWAYS_SEARCH_USER_PATHS = NO;
				CLANG_ANALYZER_NONNULL = YES;
				CLANG_ANALYZER_NUMBER_OBJECT_CONVERSION = YES_AGGRESSIVE;
				CLANG_CXX_LANGUAGE_STANDARD = "gnu++20";
				CLANG_ENABLE_MODULES = YES;
				CLANG_ENABLE_OBJC_ARC = YES;
				CLANG_ENABLE_OBJC_WEAK = YES;
				CLANG_WARN_BLOCK_CAPTURE_AUTORELEASING = YES;
				CLANG_WARN_BOOL_CONVERSION = YES;
				CLANG_WARN_COMMA = YES;
				CLANG_WARN_CONSTANT_CONVERSION = YES;
				CLANG_WARN_DEPRECATED_OBJC_IMPLEMENTATIONS = YES;
				CLANG_WARN_DIRECT_OBJC_ISA_USAGE = YES_ERROR;
				CLANG_WARN_DOCUMENTATION_COMMENTS = YES;
				CLANG_WARN_EMPTY_BODY = YES;
				CLANG_WARN_ENUM_CONVERSION = YES;
				CLANG_WARN_INFINITE_RECURSION = YES;
				CLANG_WARN_INT_CONVERSION = YES;
				CLANG_WARN_NON_LITERAL_NULL_CONVERSION = YES;
				CLANG_WARN_OBJC_IMPLICIT_RETAIN_SELF = YES;
				CLANG_WARN_OBJC_LITERAL_CONVERSION = YES;
				CLANG_WARN_OBJC_ROOT_CLASS = YES_ERROR;
				CLANG_WARN_QUOTED_INCLUDE_IN_FRAMEWORK_HEADER = YES;
				CLANG_WARN_RANGE_LOOP_ANALYSIS = YES;
				CLANG_WARN_STRICT_PROTOTYPES = YES;
				CLANG_WARN_SUSPICIOUS_MOVE = YES;
				CLANG_WARN_UNGUARDED_AVAILABILITY = YES_AGGRESSIVE;
				CLANG_WARN_UNREACHABLE_CODE = YES;
				CLANG_WARN__DUPLICATE_METHOD_MATCH = YES;
				COPY_PHASE_STRIP = NO;
				DEBUG_INFORMATION_FORMAT = dwarf;
				ENABLE_STRICT_OBJC_MSGSEND = YES;
				ENABLE_TESTABILITY = YES;
				GCC_C_LANGUAGE_STANDARD = gnu11;
				GCC_DYNAMIC_NO_PIC = NO;
				GCC_NO_COMMON_BLOCKS = YES;
				GCC_OPTIMIZATION_LEVEL = 0;
				GCC_PREPROCESSOR_DEFINITIONS = (
					"DEBUG=1",
					"$(inherited)",
				);
				GCC_WARN_64_TO_32_BIT_CONVERSION = YES;
				GCC_WARN_ABOUT_RETURN_TYPE = YES_ERROR;
				GCC_WARN_UNDECLARED_SELECTOR = YES;
				GCC_WARN_UNINITIALIZED_AUTOS = YES_AGGRESSIVE;
				GCC_WARN_UNUSED_FUNCTION = YES;
				GCC_WARN_UNUSED_VARIABLE = YES;
				MTL_ENABLE_DEBUG_INFO = INCLUDE_SOURCE;
				MTL_FAST_MATH = YES;
				ONLY_ACTIVE_ARCH = YES;
				SWIFT_ACTIVE_COMPILATION_CONDITIONS = DEBUG;
				SWIFT_OPTIMIZATION_LEVEL = "-Onone";
			};
			name = Debug;
		};
		9063026A2A1AA156008BAED7 /* Release */ = {
			isa = XCBuildConfiguration;
			buildSettings = {
				ALWAYS_SEARCH_USER_PATHS = NO;
				CLANG_ANALYZER_NONNULL = YES;
				CLANG_ANALYZER_NUMBER_OBJECT_CONVERSION = YES_AGGRESSIVE;
				CLANG_CXX_LANGUAGE_STANDARD = "gnu++20";
				CLANG_ENABLE_MODULES = YES;
				CLANG_ENABLE_OBJC_ARC = YES;
				CLANG_ENABLE_OBJC_WEAK = YES;
				CLANG_WARN_BLOCK_CAPTURE_AUTORELEASING = YES;
				CLANG_WARN_BOOL_CONVERSION = YES;
				CLANG_WARN_COMMA = YES;
				CLANG_WARN_CONSTANT_CONVERSION = YES;
				CLANG_WARN_DEPRECATED_OBJC_IMPLEMENTATIONS = YES;
				CLANG_WARN_DIRECT_OBJC_ISA_USAGE = YES_ERROR;
				CLANG_WARN_DOCUMENTATION_COMMENTS = YES;
				CLANG_WARN_EMPTY_BODY = YES;
				CLANG_WARN_ENUM_CONVERSION = YES;
				CLANG_WARN_INFINITE_RECURSION = YES;
				CLANG_WARN_INT_CONVERSION = YES;
				CLANG_WARN_NON_LITERAL_NULL_CONVERSION = YES;
				CLANG_WARN_OBJC_IMPLICIT_RETAIN_SELF = YES;
				CLANG_WARN_OBJC_LITERAL_CONVERSION = YES;
				CLANG_WARN_OBJC_ROOT_CLASS = YES_ERROR;
				CLANG_WARN_QUOTED_INCLUDE_IN_FRAMEWORK_HEADER = YES;
				CLANG_WARN_RANGE_LOOP_ANALYSIS = YES;
				CLANG_WARN_STRICT_PROTOTYPES = YES;
				CLANG_WARN_SUSPICIOUS_MOVE = YES;
				CLANG_WARN_UNGUARDED_AVAILABILITY = YES_AGGRESSIVE;
				CLANG_WARN_UNREACHABLE_CODE = YES;
				CLANG_WARN__DUPLICATE_METHOD_MATCH = YES;
				COPY_PHASE_STRIP = NO;
				DEBUG_INFORMATION_FORMAT = "dwarf-with-dsym";
				ENABLE_NS_ASSERTIONS = NO;
				ENABLE_STRICT_OBJC_MSGSEND = YES;
				GCC_C_LANGUAGE_STANDARD = gnu11;
				GCC_NO_COMMON_BLOCKS = YES;
				GCC_WARN_64_TO_32_BIT_CONVERSION = YES;
				GCC_WARN_ABOUT_RETURN_TYPE = YES_ERROR;
				GCC_WARN_UNDECLARED_SELECTOR = YES;
				GCC_WARN_UNINITIALIZED_AUTOS = YES_AGGRESSIVE;
				GCC_WARN_UNUSED_FUNCTION = YES;
				GCC_WARN_UNUSED_VARIABLE = YES;
				MTL_ENABLE_DEBUG_INFO = NO;
				MTL_FAST_MATH = YES;
				SWIFT_COMPILATION_MODE = wholemodule;
				SWIFT_OPTIMIZATION_LEVEL = "-O";
			};
			name = Release;
		};
		9063026C2A1AA156008BAED7 /* Debug */ = {
			isa = XCBuildConfiguration;
			buildSettings = {
				ASSETCATALOG_COMPILER_APPICON_NAME = AppIcon;
				ASSETCATALOG_COMPILER_GLOBAL_ACCENT_COLOR_NAME = AccentColor;
				CODE_SIGN_ENTITLEMENTS = "08 BaseDatos/_8_BaseDatos.entitlements";
				CODE_SIGN_STYLE = Automatic;
				CURRENT_PROJECT_VERSION = 1;
				DEVELOPMENT_ASSET_PATHS = "\"08 BaseDatos/Preview Content\"";
				DEVELOPMENT_TEAM = PXQ8735R28;
				ENABLE_HARDENED_RUNTIME = YES;
				ENABLE_PREVIEWS = YES;
				GENERATE_INFOPLIST_FILE = YES;
				"INFOPLIST_KEY_UIApplicationSceneManifest_Generation[sdk=iphoneos*]" = YES;
				"INFOPLIST_KEY_UIApplicationSceneManifest_Generation[sdk=iphonesimulator*]" = YES;
				"INFOPLIST_KEY_UIApplicationSupportsIndirectInputEvents[sdk=iphoneos*]" = YES;
				"INFOPLIST_KEY_UIApplicationSupportsIndirectInputEvents[sdk=iphonesimulator*]" = YES;
				"INFOPLIST_KEY_UILaunchScreen_Generation[sdk=iphoneos*]" = YES;
				"INFOPLIST_KEY_UILaunchScreen_Generation[sdk=iphonesimulator*]" = YES;
				"INFOPLIST_KEY_UIStatusBarStyle[sdk=iphoneos*]" = UIStatusBarStyleDefault;
				"INFOPLIST_KEY_UIStatusBarStyle[sdk=iphonesimulator*]" = UIStatusBarStyleDefault;
				INFOPLIST_KEY_UISupportedInterfaceOrientations_iPad = "UIInterfaceOrientationPortrait UIInterfaceOrientationPortraitUpsideDown UIInterfaceOrientationLandscapeLeft UIInterfaceOrientationLandscapeRight";
				INFOPLIST_KEY_UISupportedInterfaceOrientations_iPhone = "UIInterfaceOrientationPortrait UIInterfaceOrientationLandscapeLeft UIInterfaceOrientationLandscapeRight";
				IPHONEOS_DEPLOYMENT_TARGET = 16.2;
				LD_RUNPATH_SEARCH_PATHS = "@executable_path/Frameworks";
				"LD_RUNPATH_SEARCH_PATHS[sdk=macosx*]" = "@executable_path/../Frameworks";
				MACOSX_DEPLOYMENT_TARGET = 13.1;
				MARKETING_VERSION = 1.0;
				PRODUCT_BUNDLE_IDENTIFIER = "iest.edu.-8-BaseDatos";
				PRODUCT_NAME = "$(TARGET_NAME)";
				SDKROOT = auto;
				SUPPORTED_PLATFORMS = "iphoneos iphonesimulator macosx";
				SWIFT_EMIT_LOC_STRINGS = YES;
				SWIFT_VERSION = 5.0;
				TARGETED_DEVICE_FAMILY = "1,2";
			};
			name = Debug;
		};
		9063026D2A1AA156008BAED7 /* Release */ = {
			isa = XCBuildConfiguration;
			buildSettings = {
				ASSETCATALOG_COMPILER_APPICON_NAME = AppIcon;
				ASSETCATALOG_COMPILER_GLOBAL_ACCENT_COLOR_NAME = AccentColor;
				CODE_SIGN_ENTITLEMENTS = "08 BaseDatos/_8_BaseDatos.entitlements";
				CODE_SIGN_STYLE = Automatic;
				CURRENT_PROJECT_VERSION = 1;
				DEVELOPMENT_ASSET_PATHS = "\"08 BaseDatos/Preview Content\"";
				DEVELOPMENT_TEAM = PXQ8735R28;
				ENABLE_HARDENED_RUNTIME = YES;
				ENABLE_PREVIEWS = YES;
				GENERATE_INFOPLIST_FILE = YES;
				"INFOPLIST_KEY_UIApplicationSceneManifest_Generation[sdk=iphoneos*]" = YES;
				"INFOPLIST_KEY_UIApplicationSceneManifest_Generation[sdk=iphonesimulator*]" = YES;
				"INFOPLIST_KEY_UIApplicationSupportsIndirectInputEvents[sdk=iphoneos*]" = YES;
				"INFOPLIST_KEY_UIApplicationSupportsIndirectInputEvents[sdk=iphonesimulator*]" = YES;
				"INFOPLIST_KEY_UILaunchScreen_Generation[sdk=iphoneos*]" = YES;
				"INFOPLIST_KEY_UILaunchScreen_Generation[sdk=iphonesimulator*]" = YES;
				"INFOPLIST_KEY_UIStatusBarStyle[sdk=iphoneos*]" = UIStatusBarStyleDefault;
				"INFOPLIST_KEY_UIStatusBarStyle[sdk=iphonesimulator*]" = UIStatusBarStyleDefault;
				INFOPLIST_KEY_UISupportedInterfaceOrientations_iPad = "UIInterfaceOrientationPortrait UIInterfaceOrientationPortraitUpsideDown UIInterfaceOrientationLandscapeLeft UIInterfaceOrientationLandscapeRight";
				INFOPLIST_KEY_UISupportedInterfaceOrientations_iPhone = "UIInterfaceOrientationPortrait UIInterfaceOrientationLandscapeLeft UIInterfaceOrientationLandscapeRight";
				IPHONEOS_DEPLOYMENT_TARGET = 16.2;
				LD_RUNPATH_SEARCH_PATHS = "@executable_path/Frameworks";
				"LD_RUNPATH_SEARCH_PATHS[sdk=macosx*]" = "@executable_path/../Frameworks";
				MACOSX_DEPLOYMENT_TARGET = 13.1;
				MARKETING_VERSION = 1.0;
				PRODUCT_BUNDLE_IDENTIFIER = "iest.edu.-8-BaseDatos";
				PRODUCT_NAME = "$(TARGET_NAME)";
				SDKROOT = auto;
				SUPPORTED_PLATFORMS = "iphoneos iphonesimulator macosx";
				SWIFT_EMIT_LOC_STRINGS = YES;
				SWIFT_VERSION = 5.0;
				TARGETED_DEVICE_FAMILY = "1,2";
			};
			name = Release;
		};
/* End XCBuildConfiguration section */

/* Begin XCConfigurationList section */
		906302572A1AA151008BAED7 /* Build configuration list for PBXProject "08 BaseDatos" */ = {
			isa = XCConfigurationList;
			buildConfigurations = (
				906302692A1AA156008BAED7 /* Debug */,
				9063026A2A1AA156008BAED7 /* Release */,
			);
			defaultConfigurationIsVisible = 0;
			defaultConfigurationName = Release;
		};
		9063026B2A1AA156008BAED7 /* Build configuration list for PBXNativeTarget "08 BaseDatos" */ = {
			isa = XCConfigurationList;
			buildConfigurations = (
				9063026C2A1AA156008BAED7 /* Debug */,
				9063026D2A1AA156008BAED7 /* Release */,
			);
			defaultConfigurationIsVisible = 0;
			defaultConfigurationName = Release;
		};
/* End XCConfigurationList section */

/* Begin XCVersionGroup section */
		9063026E2A1AA178008BAED7 /* Games.xcdatamodeld */ = {
			isa = XCVersionGroup;
			children = (
				9063026F2A1AA178008BAED7 /* Games.xcdatamodel */,
			);
			currentVersion = 9063026F2A1AA178008BAED7 /* Games.xcdatamodel */;
			path = Games.xcdatamodeld;
			sourceTree = "<group>";
			versionGroupType = wrapper.xcdatamodel;
		};
/* End XCVersionGroup section */
	};
	rootObject = 906302542A1AA151008BAED7 /* Project object */;
}
